
Microsoft Visual Studio Solution File, Format Version 12.00
# Visual Studio Version 17
VisualStudioVersion = 17.13.35806.99 d17.13
MinimumVisualStudioVersion = 10.0.40219.1
Project("{FAE04EC0-301F-11D3-BF4B-00C04F79EFBC}") = "API", "luftborn task\API.csproj", "{1857862F-06E8-4D8D-A139-29E2EF6F607C}"
EndProject
Project("{FAE04EC0-301F-11D3-BF4B-00C04F79EFBC}") = "Domain", "Domain\Domain.csproj", "{9506334D-BB80-43BB-A3B0-E45C215B9357}"
EndProject
Project("{FAE04EC0-301F-11D3-BF4B-00C04F79EFBC}") = "Application", "Application\Application.csproj", "{8D6F542B-3FF3-4AF3-8A82-B73C6FEECF3A}"
EndProject
Project("{FAE04EC0-301F-11D3-BF4B-00C04F79EFBC}") = "Infrastructure", "Infrastructure\Infrastructure.csproj", "{2F419C9C-D2AF-49B9-A9F1-2C6EC7B275A5}"
EndProject
Project("{FAE04EC0-301F-11D3-BF4B-00C04F79EFBC}") = "IOC", "IOC\IOC.csproj", "{BD8D829F-217C-4374-8937-30AEDEDA00F4}"
EndProject
Global
	GlobalSection(SolutionConfigurationPlatforms) = preSolution
		Debug|Any CPU = Debug|Any CPU
		Release|Any CPU = Release|Any CPU
	EndGlobalSection
	GlobalSection(ProjectConfigurationPlatforms) = postSolution
		{1857862F-06E8-4D8D-A139-29E2EF6F607C}.Debug|Any CPU.ActiveCfg = Debug|Any CPU
		{1857862F-06E8-4D8D-A139-29E2EF6F607C}.Debug|Any CPU.Build.0 = Debug|Any CPU
		{1857862F-06E8-4D8D-A139-29E2EF6F607C}.Release|Any CPU.ActiveCfg = Release|Any CPU
		{1857862F-06E8-4D8D-A139-29E2EF6F607C}.Release|Any CPU.Build.0 = Release|Any CPU
		{9506334D-BB80-43BB-A3B0-E45C215B9357}.Debug|Any CPU.ActiveCfg = Debug|Any CPU
		{9506334D-BB80-43BB-A3B0-E45C215B9357}.Debug|Any CPU.Build.0 = Debug|Any CPU
		{9506334D-BB80-43BB-A3B0-E45C215B9357}.Release|Any CPU.ActiveCfg = Release|Any CPU
		{9506334D-BB80-43BB-A3B0-E45C215B9357}.Release|Any CPU.Build.0 = Release|Any CPU
		{8D6F542B-3FF3-4AF3-8A82-B73C6FEECF3A}.Debug|Any CPU.ActiveCfg = Debug|Any CPU
		{8D6F542B-3FF3-4AF3-8A82-B73C6FEECF3A}.Debug|Any CPU.Build.0 = Debug|Any CPU
		{8D6F542B-3FF3-4AF3-8A82-B73C6FEECF3A}.Release|Any CPU.ActiveCfg = Release|Any CPU
		{8D6F542B-3FF3-4AF3-8A82-B73C6FEECF3A}.Release|Any CPU.Build.0 = Release|Any CPU
		{2F419C9C-D2AF-49B9-A9F1-2C6EC7B275A5}.Debug|Any CPU.ActiveCfg = Debug|Any CPU
		{2F419C9C-D2AF-49B9-A9F1-2C6EC7B275A5}.Debug|Any CPU.Build.0 = Debug|Any CPU
		{2F419C9C-D2AF-49B9-A9F1-2C6EC7B275A5}.Release|Any CPU.ActiveCfg = Release|Any CPU
		{2F419C9C-D2AF-49B9-A9F1-2C6EC7B275A5}.Release|Any CPU.Build.0 = Release|Any CPU
		{BD8D829F-217C-4374-8937-30AEDEDA00F4}.Debug|Any CPU.ActiveCfg = Debug|Any CPU
		{BD8D829F-217C-4374-8937-30AEDEDA00F4}.Debug|Any CPU.Build.0 = Debug|Any CPU
		{BD8D829F-217C-4374-8937-30AEDEDA00F4}.Release|Any CPU.ActiveCfg = Release|Any CPU
		{BD8D829F-217C-4374-8937-30AEDEDA00F4}.Release|Any CPU.Build.0 = Release|Any CPU
	EndGlobalSection
	GlobalSection(SolutionProperties) = preSolution
		HideSolutionNode = FALSE
	EndGlobalSection
	GlobalSection(ExtensibilityGlobals) = postSolution
		SolutionGuid = {A5690CA5-34B7-454E-96D2-15197735F454}
	EndGlobalSection
EndGlobal
